
Microsoft Visual Studio Solution File, Format Version 12.00
# Visual Studio Version 17
VisualStudioVersion = 17.8.34330.188
MinimumVisualStudioVersion = 10.0.40219.1
Project("{9A19103F-16F7-4668-BE54-9A1E7A4F7556}") = "CookBook", "CookBook\CookBook.csproj", "{7061D479-1ACF-497C-9BD8-B02F6DE4F208}"
EndProject
Project("{FAE04EC0-301F-11D3-BF4B-00C04F79EFBC}") = "CookBook.App", "CookBook.App\CookBook.App.csproj", "{BE0E1064-609F-4A98-A92E-93006264C840}"
EndProject
Project("{FAE04EC0-301F-11D3-BF4B-00C04F79EFBC}") = "CookBook.Domain", "CookBook.Domain\CookBook.Domain.csproj", "{13B26DCB-AA41-4D93-9366-109AC06F612D}"
EndProject
Global
	GlobalSection(SolutionConfigurationPlatforms) = preSolution
		Debug|Any CPU = Debug|Any CPU
		Release|Any CPU = Release|Any CPU
	EndGlobalSection
	GlobalSection(ProjectConfigurationPlatforms) = postSolution
		{7061D479-1ACF-497C-9BD8-B02F6DE4F208}.Debug|Any CPU.ActiveCfg = Debug|Any CPU
		{7061D479-1ACF-497C-9BD8-B02F6DE4F208}.Debug|Any CPU.Build.0 = Debug|Any CPU
		{7061D479-1ACF-497C-9BD8-B02F6DE4F208}.Release|Any CPU.ActiveCfg = Release|Any CPU
		{7061D479-1ACF-497C-9BD8-B02F6DE4F208}.Release|Any CPU.Build.0 = Release|Any CPU
		{BE0E1064-609F-4A98-A92E-93006264C840}.Debug|Any CPU.ActiveCfg = Debug|Any CPU
		{BE0E1064-609F-4A98-A92E-93006264C840}.Debug|Any CPU.Build.0 = Debug|Any CPU
		{BE0E1064-609F-4A98-A92E-93006264C840}.Release|Any CPU.ActiveCfg = Release|Any CPU
		{BE0E1064-609F-4A98-A92E-93006264C840}.Release|Any CPU.Build.0 = Release|Any CPU
		{13B26DCB-AA41-4D93-9366-109AC06F612D}.Debug|Any CPU.ActiveCfg = Debug|Any CPU
		{13B26DCB-AA41-4D93-9366-109AC06F612D}.Debug|Any CPU.Build.0 = Debug|Any CPU
		{13B26DCB-AA41-4D93-9366-109AC06F612D}.Release|Any CPU.ActiveCfg = Release|Any CPU
		{13B26DCB-AA41-4D93-9366-109AC06F612D}.Release|Any CPU.Build.0 = Release|Any CPU
	EndGlobalSection
	GlobalSection(SolutionProperties) = preSolution
		HideSolutionNode = FALSE
	EndGlobalSection
	GlobalSection(ExtensibilityGlobals) = postSolution
		SolutionGuid = {D0840900-64C5-4EA4-991E-10DF55595516}
	EndGlobalSection
EndGlobal
